
Microsoft Visual Studio Solution File, Format Version 12.00
# Visual Studio Version 16
VisualStudioVersion = 16.0.31410.357
MinimumVisualStudioVersion = 10.0.40219.1
Project("{FAE04EC0-301F-11D3-BF4B-00C04F79EFBC}") = "MISA.AMIS.Web", "MISA.AMIS.Web\MISA.AMIS.Web.csproj", "{BB558864-D559-4352-AFB0-3DF52676A0F9}"
EndProject
Project("{FAE04EC0-301F-11D3-BF4B-00C04F79EFBC}") = "MISA.AMIS.ApplicationCore", "MISA.AMIS.ApplicationCore\MISA.AMIS.ApplicationCore.csproj", "{330C2FF4-5981-4690-A0A9-D289E79BBF0C}"
EndProject
Project("{FAE04EC0-301F-11D3-BF4B-00C04F79EFBC}") = "MISA.AMIS.Infarstructure", "MISA.AMIS.Infarstructure\MISA.AMIS.Infarstructure.csproj", "{72510AB9-4C6A-48B4-9FBD-7A868E84E519}"
EndProject
Global
	GlobalSection(SolutionConfigurationPlatforms) = preSolution
		Debug|Any CPU = Debug|Any CPU
		Release|Any CPU = Release|Any CPU
	EndGlobalSection
	GlobalSection(ProjectConfigurationPlatforms) = postSolution
		{BB558864-D559-4352-AFB0-3DF52676A0F9}.Debug|Any CPU.ActiveCfg = Debug|Any CPU
		{BB558864-D559-4352-AFB0-3DF52676A0F9}.Debug|Any CPU.Build.0 = Debug|Any CPU
		{BB558864-D559-4352-AFB0-3DF52676A0F9}.Release|Any CPU.ActiveCfg = Release|Any CPU
		{BB558864-D559-4352-AFB0-3DF52676A0F9}.Release|Any CPU.Build.0 = Release|Any CPU
		{330C2FF4-5981-4690-A0A9-D289E79BBF0C}.Debug|Any CPU.ActiveCfg = Debug|Any CPU
		{330C2FF4-5981-4690-A0A9-D289E79BBF0C}.Debug|Any CPU.Build.0 = Debug|Any CPU
		{330C2FF4-5981-4690-A0A9-D289E79BBF0C}.Release|Any CPU.ActiveCfg = Release|Any CPU
		{330C2FF4-5981-4690-A0A9-D289E79BBF0C}.Release|Any CPU.Build.0 = Release|Any CPU
		{72510AB9-4C6A-48B4-9FBD-7A868E84E519}.Debug|Any CPU.ActiveCfg = Debug|Any CPU
		{72510AB9-4C6A-48B4-9FBD-7A868E84E519}.Debug|Any CPU.Build.0 = Debug|Any CPU
		{72510AB9-4C6A-48B4-9FBD-7A868E84E519}.Release|Any CPU.ActiveCfg = Release|Any CPU
		{72510AB9-4C6A-48B4-9FBD-7A868E84E519}.Release|Any CPU.Build.0 = Release|Any CPU
	EndGlobalSection
	GlobalSection(SolutionProperties) = preSolution
		HideSolutionNode = FALSE
	EndGlobalSection
	GlobalSection(ExtensibilityGlobals) = postSolution
		SolutionGuid = {02E1B66A-171A-4D88-B83C-B0A9B4057C7A}
	EndGlobalSection
EndGlobal
